{
  "com.amazonaws:aws-java-sdk": { "locked": "1.3.27", "firstLevelTransitive": [ "com.netflix.raigad:raigad", "com.netflix.raigad:raigad-es-extensions", "com.netflix.raigad:raigad-web" ] },
  "com.carrotsearch.randomizedtesting:randomizedtesting-runner": { "locked": "2.1.10", "firstLevelTransitive": [ "com.netflix.raigad:raigad", "com.netflix.raigad:raigad-es-extensions", "com.netflix.raigad:raigad-web" ] },
  "com.google.code.findbugs:jsr305": { "locked": "1.3.9", "firstLevelTransitive": [ "com.netflix.raigad:raigad", "com.netflix.raigad:raigad-es-extensions", "com.netflix.raigad:raigad-web" ] },
  "com.google.inject.extensions:guice-servlet": { "locked": "3.0", "firstLevelTransitive": [ "com.netflix.raigad:raigad", "com.netflix.raigad:raigad-es-extensions", "com.netflix.raigad:raigad-web" ] },
  "com.google.inject:guice": { "locked": "3.0", "firstLevelTransitive": [ "com.netflix.raigad:raigad", "com.netflix.raigad:raigad-es-extensions", "com.netflix.raigad:raigad-web" ] },
  "com.googlecode.jmockit:jmockit": { "locked": "0.999.17", "firstLevelTransitive": [ "com.netflix.raigad:raigad", "com.netflix.raigad:raigad-es-extensions", "com.netflix.raigad:raigad-web" ] },
  "com.googlecode.json-simple:json-simple": { "locked": "1.1", "firstLevelTransitive": [ "com.netflix.raigad:raigad", "com.netflix.raigad:raigad-es-extensions", "com.netflix.raigad:raigad-web" ] },
  "com.netflix.archaius:archaius-core": { "locked": "0.6.0", "firstLevelTransitive": [ "com.netflix.raigad:raigad", "com.netflix.raigad:raigad-es-extensions", "com.netflix.raigad:raigad-web" ] },
  "com.netflix.astyanax:astyanax": { "locked": "2.0.1", "firstLevelTransitive": [ "com.netflix.raigad:raigad", "com.netflix.raigad:raigad-es-extensions", "com.netflix.raigad:raigad-web" ] },
  "com.netflix.eureka:eureka-client": { "locked": "1.1.142", "firstLevelTransitive": [ "com.netflix.raigad:raigad", "com.netflix.raigad:raigad-es-extensions", "com.netflix.raigad:raigad-web" ] },
  "com.netflix.governator:governator": { "locked": "1.2.20", "firstLevelTransitive": [ "com.netflix.raigad:raigad", "com.netflix.raigad:raigad-es-extensions", "com.netflix.raigad:raigad-web" ] },
  "com.netflix.raigad:raigad": { "project": true, "firstLevelTransitive": [ "com.netflix.raigad:raigad-web" ] },
  "com.netflix.raigad:raigad-es-extensions": { "project": true, "firstLevelTransitive": [ "com.netflix.raigad:raigad-web" ] },
  "com.netflix.raigad:raigad-web": { "project": true },
  "com.netflix.servo:servo-core": { "locked": "0.7.4", "firstLevelTransitive": [ "com.netflix.raigad:raigad", "com.netflix.raigad:raigad-es-extensions", "com.netflix.raigad:raigad-web" ] },
  "com.ning:compress-lzf": { "locked": "0.9.5", "firstLevelTransitive": [ "com.netflix.raigad:raigad", "com.netflix.raigad:raigad-es-extensions", "com.netflix.raigad:raigad-web" ] },
  "com.sun.jersey.contribs:jersey-guice": { "locked": "1.9.1", "firstLevelTransitive": [ "com.netflix.raigad:raigad", "com.netflix.raigad:raigad-es-extensions", "com.netflix.raigad:raigad-web" ] },
  "com.sun.jersey.contribs:jersey-multipart": { "locked": "1.1.4.1", "firstLevelTransitive": [ "com.netflix.raigad:raigad", "com.netflix.raigad:raigad-es-extensions", "com.netflix.raigad:raigad-web" ] },
  "com.sun.jersey:jersey-bundle": { "locked": "1.9.1", "firstLevelTransitive": [ "com.netflix.raigad:raigad", "com.netflix.raigad:raigad-es-extensions", "com.netflix.raigad:raigad-web" ] },
  "com.sun.jersey:jersey-json": { "locked": "1.11", "firstLevelTransitive": [ "com.netflix.raigad:raigad", "com.netflix.raigad:raigad-es-extensions", "com.netflix.raigad:raigad-web" ] },
  "commons-cli:commons-cli": { "locked": "1.2", "firstLevelTransitive": [ "com.netflix.raigad:raigad", "com.netflix.raigad:raigad-es-extensions", "com.netflix.raigad:raigad-web" ] },
  "commons-collections:commons-collections": { "locked": "3.2.1", "firstLevelTransitive": [ "com.netflix.raigad:raigad", "com.netflix.raigad:raigad-es-extensions", "com.netflix.raigad:raigad-web" ] },
  "commons-configuration:commons-configuration": { "locked": "1.8", "firstLevelTransitive": [ "com.netflix.raigad:raigad", "com.netflix.raigad:raigad-es-extensions", "com.netflix.raigad:raigad-web" ] },
  "commons-httpclient:commons-httpclient": { "locked": "3.1", "firstLevelTransitive": [ "com.netflix.raigad:raigad", "com.netflix.raigad:raigad-es-extensions", "com.netflix.raigad:raigad-web" ] },
  "commons-io:commons-io": { "locked": "2.0.1", "firstLevelTransitive": [ "com.netflix.raigad:raigad", "com.netflix.raigad:raigad-es-extensions", "com.netflix.raigad:raigad-web" ] },
  "commons-lang:commons-lang": { "locked": "2.6", "firstLevelTransitive": [ "com.netflix.raigad:raigad", "com.netflix.raigad:raigad-es-extensions", "com.netflix.raigad:raigad-web" ] },
  "commons-logging:commons-logging": { "locked": "1.1.3", "firstLevelTransitive": [ "com.netflix.raigad:raigad", "com.netflix.raigad:raigad-es-extensions", "com.netflix.raigad:raigad-web" ] },
  "javax.ws.rs:jsr311-api": { "locked": "1.1.1", "firstLevelTransitive": [ "com.netflix.raigad:raigad", "com.netflix.raigad:raigad-es-extensions", "com.netflix.raigad:raigad-web" ] },
  "joda-time:joda-time": { "locked": "2.3", "firstLevelTransitive": [ "com.netflix.raigad:raigad", "com.netflix.raigad:raigad-es-extensions", "com.netflix.raigad:raigad-web" ] },
  "junit:junit": { "locked": "4.11", "firstLevelTransitive": [ "com.netflix.raigad:raigad", "com.netflix.raigad:raigad-es-extensions", "com.netflix.raigad:raigad-web" ] },
  "net.java.dev.jna:jna": { "locked": "3.2.3", "firstLevelTransitive": [ "com.netflix.raigad:raigad", "com.netflix.raigad:raigad-es-extensions", "com.netflix.raigad:raigad-web" ] },
  "org.apache.cassandra:cassandra-all": { "locked": "1.2.11", "firstLevelTransitive": [ "com.netflix.raigad:raigad", "com.netflix.raigad:raigad-es-extensions", "com.netflix.raigad:raigad-web" ] },
  "org.apache.httpcomponents:httpclient": { "locked": "4.3.5", "firstLevelTransitive": [ "com.netflix.raigad:raigad", "com.netflix.raigad:raigad-es-extensions", "com.netflix.raigad:raigad-web" ] },
  "org.apache.httpcomponents:httpcore": { "locked": "4.3.2", "firstLevelTransitive": [ "com.netflix.raigad:raigad", "com.netflix.raigad:raigad-es-extensions", "com.netflix.raigad:raigad-web" ] },
  "org.apache.lucene:lucene-test-framework": { "locked": "4.10.2", "firstLevelTransitive": [ "com.netflix.raigad:raigad", "com.netflix.raigad:raigad-es-extensions", "com.netflix.raigad:raigad-web" ] },
  "org.elasticsearch:elasticsearch": { "locked": "1.4.1", "firstLevelTransitive": [ "com.netflix.raigad:raigad", "com.netflix.raigad:raigad-es-extensions", "com.netflix.raigad:raigad-web" ] },
  "org.hamcrest:hamcrest-all": { "locked": "1.3", "firstLevelTransitive": [ "com.netflix.raigad:raigad", "com.netflix.raigad:raigad-es-extensions", "com.netflix.raigad:raigad-web" ] },
  "org.quartz-scheduler:quartz": { "locked": "1.7.3", "firstLevelTransitive": [ "com.netflix.raigad:raigad", "com.netflix.raigad:raigad-es-extensions", "com.netflix.raigad:raigad-web" ] },
  "org.slf4j:slf4j-api": { "locked": "1.7.6", "firstLevelTransitive": [ "com.netflix.raigad:raigad", "com.netflix.raigad:raigad-es-extensions", "com.netflix.raigad:raigad-web" ] },
  "org.slf4j:slf4j-log4j12": { "locked": "1.7.2", "firstLevelTransitive": [ "com.netflix.raigad:raigad", "com.netflix.raigad:raigad-es-extensions", "com.netflix.raigad:raigad-web" ] },
  "org.xerial.snappy:snappy-java": { "locked": "1.0.5", "firstLevelTransitive": [ "com.netflix.raigad:raigad", "com.netflix.raigad:raigad-es-extensions", "com.netflix.raigad:raigad-web" ] },
  "org.yaml:snakeyaml": { "locked": "1.10", "firstLevelTransitive": [ "com.netflix.raigad:raigad", "com.netflix.raigad:raigad-es-extensions", "com.netflix.raigad:raigad-web" ] },
  "xerces:xercesImpl": { "locked": "2.4.0", "firstLevelTransitive": [ "com.netflix.raigad:raigad", "com.netflix.raigad:raigad-es-extensions", "com.netflix.raigad:raigad-web" ] }
}
